<?xml version="1.0" encoding="utf-8"?>
<Project ToolsVersion="4.0" xmlns="http://schemas.microsoft.com/developer/msbuild/2003">
  <ItemGroup>
    <Filter Include="源文件">
      <UniqueIdentifier>{4FC737F1-C7A5-4376-A066-2A32D752A2FF}</UniqueIdentifier>
      <Extensions>cpp;c;cc;cxx;c++;cppm;ixx;def;odl;idl;hpj;bat;asm;asmx</Extensions>
    </Filter>
    <Filter Include="头文件">
      <UniqueIdentifier>{93995380-89BD-4b04-88EB-625FBE52EBFB}</UniqueIdentifier>
      <Extensions>h;hh;hpp;hxx;h++;hm;inl;inc;ipp;xsd</Extensions>
    </Filter>
    <Filter Include="源文件\DataExchange">
      <UniqueIdentifier>{65aecf19-a24a-4c58-9fc2-b6e61bd070be}</UniqueIdentifier>
    </Filter>
    <Filter Include="源文件\Visualization">
      <UniqueIdentifier>{08385bf5-1a58-4d58-a570-e53ef69bf8b4}</UniqueIdentifier>
    </Filter>
    <Filter Include="头文件\Visualization">
      <UniqueIdentifier>{0fcf6117-8bb6-4d83-b5e1-9fd5d5f7ad53}</UniqueIdentifier>
    </Filter>
    <Filter Include="OCCWrapper">
      <UniqueIdentifier>{541c1b4c-53db-4e18-a8d1-1e53572ebc7c}</UniqueIdentifier>
    </Filter>
    <Filter Include="OCCWrapper\AIS">
      <UniqueIdentifier>{8c2261c1-2e14-4f0c-a32c-a5383848826a}</UniqueIdentifier>
    </Filter>
    <Filter Include="OCCWrapper\BRepPrimAPI">
      <UniqueIdentifier>{e74697dc-ded4-4764-b32e-e0c4116fccf0}</UniqueIdentifier>
    </Filter>
  </ItemGroup>
  <ItemGroup>
    <ClCompile Include="AssemblyInfo.cpp">
      <Filter>源文件</Filter>
    </ClCompile>
    <ClCompile Include="String.cpp">
      <Filter>源文件\DataExchange</Filter>
    </ClCompile>
    <ClCompile Include="OCCView.cpp">
      <Filter>源文件\Visualization</Filter>
    </ClCompile>
    <ClCompile Include="InteractiveObject.cpp">
      <Filter>OCCWrapper\AIS</Filter>
    </ClCompile>
    <ClCompile Include="TEST.cpp">
      <Filter>源文件</Filter>
    </ClCompile>
    <ClCompile Include="MakeBox.cpp">
      <Filter>OCCWrapper\BRepPrimAPI</Filter>
    </ClCompile>
  </ItemGroup>
  <ItemGroup>
    <ClInclude Include="TEST.h">
      <Filter>头文件</Filter>
    </ClInclude>
    <ClInclude Include="OCCView.h">
      <Filter>头文件\Visualization</Filter>
    </ClInclude>
    <ClInclude Include="InteractiveObject.h">
      <Filter>OCCWrapper\AIS</Filter>
    </ClInclude>
    <ClInclude Include="MakeBox.h">
      <Filter>OCCWrapper\BRepPrimAPI</Filter>
    </ClInclude>
  </ItemGroup>
</Project>