<?xml version="1.0" encoding="utf-8"?>
<Project ToolsVersion="4.0" xmlns="http://schemas.microsoft.com/developer/msbuild/2003">
  <ItemGroup>
    <Filter Include="源文件">
      <UniqueIdentifier>{4FC737F1-C7A5-4376-A066-2A32D752A2FF}</UniqueIdentifier>
      <Extensions>cpp;c;cc;cxx;c++;cppm;ixx;def;odl;idl;hpj;bat;asm;asmx</Extensions>
    </Filter>
    <Filter Include="头文件">
      <UniqueIdentifier>{93995380-89BD-4b04-88EB-625FBE52EBFB}</UniqueIdentifier>
      <Extensions>h;hh;hpp;hxx;h++;hm;inl;inc;ipp;xsd</Extensions>
    </Filter>
    <Filter Include="源文件\DataExchange">
      <UniqueIdentifier>{65aecf19-a24a-4c58-9fc2-b6e61bd070be}</UniqueIdentifier>
    </Filter>
    <Filter Include="源文件\Visualization">
      <UniqueIdentifier>{08385bf5-1a58-4d58-a570-e53ef69bf8b4}</UniqueIdentifier>
    </Filter>
    <Filter Include="头文件\Visualization">
      <UniqueIdentifier>{0fcf6117-8bb6-4d83-b5e1-9fd5d5f7ad53}</UniqueIdentifier>
    </Filter>
    <Filter Include="头文件\OCCTools">
      <UniqueIdentifier>{030bbd23-96d1-4853-bb5a-46d79aa5f176}</UniqueIdentifier>
    </Filter>
    <Filter Include="源文件\OCCTools">
      <UniqueIdentifier>{f5ab1354-4ff0-4012-863d-daa30833acb6}</UniqueIdentifier>
    </Filter>
    <Filter Include="头文件\DataExchange">
      <UniqueIdentifier>{59584460-156d-479d-877b-f92d18032130}</UniqueIdentifier>
    </Filter>
    <Filter Include="头文件\OCCProxy">
      <UniqueIdentifier>{c065eb00-72a5-4550-8b23-f2ba53c7e439}</UniqueIdentifier>
    </Filter>
    <Filter Include="源文件\OCCProxy">
      <UniqueIdentifier>{40b04b9f-7706-4ae2-9877-7dbdfed308bd}</UniqueIdentifier>
    </Filter>
    <Filter Include="头文件\OCCProxy\AIS">
      <UniqueIdentifier>{90417dc7-16ed-4156-8aa0-63658a6836d9}</UniqueIdentifier>
    </Filter>
    <Filter Include="源文件\OCCProxy\AIS">
      <UniqueIdentifier>{d935e314-fb3a-49d6-8b7d-f31081e66de8}</UniqueIdentifier>
    </Filter>
    <Filter Include="头文件\OCCProxy\gp">
      <UniqueIdentifier>{35e54ee2-a871-467e-8969-7afd13f9ca4e}</UniqueIdentifier>
    </Filter>
    <Filter Include="源文件\OCCProxy\gp">
      <UniqueIdentifier>{5eb9a2c4-e204-4292-ab9d-a39032d4fc22}</UniqueIdentifier>
    </Filter>
  </ItemGroup>
  <ItemGroup>
    <ClCompile Include="AssemblyInfo.cpp">
      <Filter>源文件</Filter>
    </ClCompile>
    <ClCompile Include="String.cpp">
      <Filter>源文件\DataExchange</Filter>
    </ClCompile>
    <ClCompile Include="CSharpViewer.cpp">
      <Filter>源文件\Visualization</Filter>
    </ClCompile>
    <ClCompile Include="convertChinese.cpp">
      <Filter>源文件\OCCTools</Filter>
    </ClCompile>
    <ClCompile Include="WAIS_ViewCube.cpp">
      <Filter>源文件\OCCProxy\AIS</Filter>
    </ClCompile>
    <ClCompile Include="WAIS_InteractiveObject.cpp">
      <Filter>源文件\OCCProxy\AIS</Filter>
    </ClCompile>
    <ClCompile Include="Wgp_Trsf.cpp">
      <Filter>源文件\OCCProxy\gp</Filter>
    </ClCompile>
    <ClCompile Include="MakeSimpleClamp.cpp">
      <Filter>源文件</Filter>
    </ClCompile>
    <ClCompile Include="WMakeSimpleClamp.cpp">
      <Filter>源文件</Filter>
    </ClCompile>
  </ItemGroup>
  <ItemGroup>
    <ClInclude Include="CSharpViewer.h">
      <Filter>头文件\Visualization</Filter>
    </ClInclude>
    <ClInclude Include="ConvertChinese.h">
      <Filter>头文件\OCCTools</Filter>
    </ClInclude>
    <ClInclude Include="String.h">
      <Filter>头文件\DataExchange</Filter>
    </ClInclude>
    <ClInclude Include="WAIS_ViewCube.h">
      <Filter>头文件\OCCProxy\AIS</Filter>
    </ClInclude>
    <ClInclude Include="WAIS_InteractiveObject.h">
      <Filter>头文件\OCCProxy\AIS</Filter>
    </ClInclude>
    <ClInclude Include="Wgp_Trsf.h">
      <Filter>头文件\OCCProxy\gp</Filter>
    </ClInclude>
    <ClInclude Include="MakeSimpleClamp.h">
      <Filter>头文件</Filter>
    </ClInclude>
    <ClInclude Include="WMakeSimpleClamp.h">
      <Filter>头文件</Filter>
    </ClInclude>
  </ItemGroup>
</Project>