<?xml version="1.0" encoding="utf-8"?>
<Project ToolsVersion="4.0" xmlns="http://schemas.microsoft.com/developer/msbuild/2003">
  <ItemGroup>
    <Filter Include="源文件">
      <UniqueIdentifier>{4FC737F1-C7A5-4376-A066-2A32D752A2FF}</UniqueIdentifier>
      <Extensions>cpp;c;cc;cxx;c++;cppm;ixx;def;odl;idl;hpj;bat;asm;asmx</Extensions>
    </Filter>
    <Filter Include="头文件">
      <UniqueIdentifier>{93995380-89BD-4b04-88EB-625FBE52EBFB}</UniqueIdentifier>
      <Extensions>h;hh;hpp;hxx;h++;hm;inl;inc;ipp;xsd</Extensions>
    </Filter>
    <Filter Include="源文件\DataExchange">
      <UniqueIdentifier>{65aecf19-a24a-4c58-9fc2-b6e61bd070be}</UniqueIdentifier>
    </Filter>
    <Filter Include="源文件\Visualization">
      <UniqueIdentifier>{08385bf5-1a58-4d58-a570-e53ef69bf8b4}</UniqueIdentifier>
    </Filter>
    <Filter Include="头文件\Visualization">
      <UniqueIdentifier>{0fcf6117-8bb6-4d83-b5e1-9fd5d5f7ad53}</UniqueIdentifier>
    </Filter>
    <Filter Include="头文件\DataExchange">
      <UniqueIdentifier>{59584460-156d-479d-877b-f92d18032130}</UniqueIdentifier>
    </Filter>
    <Filter Include="头文件\OCCProxy">
      <UniqueIdentifier>{c065eb00-72a5-4550-8b23-f2ba53c7e439}</UniqueIdentifier>
    </Filter>
    <Filter Include="源文件\OCCProxy">
      <UniqueIdentifier>{40b04b9f-7706-4ae2-9877-7dbdfed308bd}</UniqueIdentifier>
    </Filter>
    <Filter Include="头文件\OCCProxy\AIS">
      <UniqueIdentifier>{90417dc7-16ed-4156-8aa0-63658a6836d9}</UniqueIdentifier>
    </Filter>
    <Filter Include="源文件\OCCProxy\AIS">
      <UniqueIdentifier>{d935e314-fb3a-49d6-8b7d-f31081e66de8}</UniqueIdentifier>
    </Filter>
    <Filter Include="头文件\OCCProxy\gp">
      <UniqueIdentifier>{35e54ee2-a871-467e-8969-7afd13f9ca4e}</UniqueIdentifier>
    </Filter>
    <Filter Include="源文件\OCCProxy\gp">
      <UniqueIdentifier>{5eb9a2c4-e204-4292-ab9d-a39032d4fc22}</UniqueIdentifier>
    </Filter>
    <Filter Include="源文件\OCCProxy\TopoDS">
      <UniqueIdentifier>{f24ae2a2-3bef-4209-b664-4706a9161fb4}</UniqueIdentifier>
    </Filter>
    <Filter Include="头文件\OCCProxy\TopoDS">
      <UniqueIdentifier>{47be04fe-9e35-4d2e-b1dd-fb077ca6de0d}</UniqueIdentifier>
    </Filter>
    <Filter Include="头文件\OCCProxy\V3d">
      <UniqueIdentifier>{a23b89b4-8c77-42bd-ad5f-187ef72b63c4}</UniqueIdentifier>
    </Filter>
    <Filter Include="源文件\OCCProxy\V3d">
      <UniqueIdentifier>{8cf14add-e5e7-4675-bd97-d332f6c0f54b}</UniqueIdentifier>
    </Filter>
    <Filter Include="头文件\OCCProxy\TopAbs">
      <UniqueIdentifier>{0b354585-3943-4558-8241-aa69bc4f6e60}</UniqueIdentifier>
    </Filter>
    <Filter Include="源文件\OCCProxy\TopAbs">
      <UniqueIdentifier>{708f690a-62d2-4d9d-9191-7c2afd3cb073}</UniqueIdentifier>
    </Filter>
    <Filter Include="头文件\Extension">
      <UniqueIdentifier>{7ca7f509-81c4-4cd9-ac59-3ac12a460bda}</UniqueIdentifier>
    </Filter>
    <Filter Include="源文件\Extension">
      <UniqueIdentifier>{523322f2-d6ce-46b2-a856-2073723ea9a2}</UniqueIdentifier>
    </Filter>
    <Filter Include="源文件\OCCProxy\BRepPrimAPI">
      <UniqueIdentifier>{58c7abab-d2ed-498b-901f-b3ffeb6082f7}</UniqueIdentifier>
    </Filter>
    <Filter Include="头文件\OCCProxy\BRepPrimAPI">
      <UniqueIdentifier>{8f94fd1e-0731-4523-86c8-c6af6d8ef4da}</UniqueIdentifier>
    </Filter>
    <Filter Include="头文件\OCCProxy\BRepBuilderAPI">
      <UniqueIdentifier>{31108cba-08ca-45ad-a27a-d1115c480893}</UniqueIdentifier>
    </Filter>
    <Filter Include="源文件\OCCProxy\BRepBuilderAPI">
      <UniqueIdentifier>{971f9255-d1fe-4499-80ea-eb69545ceb43}</UniqueIdentifier>
    </Filter>
    <Filter Include="头文件\Tools">
      <UniqueIdentifier>{030bbd23-96d1-4853-bb5a-46d79aa5f176}</UniqueIdentifier>
    </Filter>
    <Filter Include="源文件\Tools">
      <UniqueIdentifier>{f5ab1354-4ff0-4012-863d-daa30833acb6}</UniqueIdentifier>
    </Filter>
    <Filter Include="头文件\OCCProxy\Aspect">
      <UniqueIdentifier>{8e9b5818-a1c6-4852-a2be-508402ef0ac8}</UniqueIdentifier>
    </Filter>
    <Filter Include="源文件\OCCProxy\Aspect">
      <UniqueIdentifier>{4d9baac6-228c-4f96-83ee-42f2bdf4a739}</UniqueIdentifier>
    </Filter>
    <Filter Include="源文件\Laser">
      <UniqueIdentifier>{8eadf91c-c88e-49bb-8cfa-6f400d6fd7c0}</UniqueIdentifier>
    </Filter>
    <Filter Include="头文件\OCCProxy\AIS\enum">
      <UniqueIdentifier>{7dcf551f-a435-4aee-b2c0-f46ac6b1b562}</UniqueIdentifier>
    </Filter>
    <Filter Include="头文件\OCCProxy\V3d\enum">
      <UniqueIdentifier>{a90e70fc-8357-44fe-9fcc-d16e28bf6d57}</UniqueIdentifier>
    </Filter>
    <Filter Include="头文件\OCCProxy\BRepAdaptor">
      <UniqueIdentifier>{5628801e-c283-4c2a-8a80-6394f21231a8}</UniqueIdentifier>
    </Filter>
    <Filter Include="源文件\OCCProxy\BRepAdaptor">
      <UniqueIdentifier>{d8afe328-b36c-49d9-af2f-9fe213e62cf1}</UniqueIdentifier>
    </Filter>
    <Filter Include="头文件\OCCProxy\BRep">
      <UniqueIdentifier>{236d4590-75a9-43dc-b1c9-631ae2ee8645}</UniqueIdentifier>
    </Filter>
    <Filter Include="源文件\OCCProxy\BRep">
      <UniqueIdentifier>{987df178-31e1-487a-a1fb-1695ffa3c13c}</UniqueIdentifier>
    </Filter>
    <Filter Include="头文件\OCCProxy\TopExp">
      <UniqueIdentifier>{8240fe3f-d45d-4447-91b5-cdb6d1e62969}</UniqueIdentifier>
    </Filter>
    <Filter Include="源文件\OCCProxy\TopExp">
      <UniqueIdentifier>{8c71453b-f78c-42bb-bda3-263cb701a80e}</UniqueIdentifier>
    </Filter>
    <Filter Include="头文件\OCCProxy\BRepAlgoAPI">
      <UniqueIdentifier>{f891ec7e-f59b-4f30-ae47-a623a1ceb904}</UniqueIdentifier>
    </Filter>
    <Filter Include="源文件\OCCProxy\BRepAlgoAPI">
      <UniqueIdentifier>{a53eb30d-b289-42dc-adc0-f5601d6b2725}</UniqueIdentifier>
    </Filter>
    <Filter Include="头文件\OCCProxy\Bnd">
      <UniqueIdentifier>{3e763217-ffbb-4e2e-b040-be533ae3d15b}</UniqueIdentifier>
    </Filter>
    <Filter Include="源文件\OCCProxy\Bnd">
      <UniqueIdentifier>{65aa9c2a-ee76-43f8-b9b5-5c110b7b9894}</UniqueIdentifier>
    </Filter>
    <Filter Include="头文件\OCCProxy\Geom">
      <UniqueIdentifier>{0e3d1ff7-65c9-46f4-bf0d-d29e98e4dd4f}</UniqueIdentifier>
    </Filter>
    <Filter Include="源文件\OCCProxy\Geom">
      <UniqueIdentifier>{0f0dba9a-56e6-49a9-a67a-8322d43e9e9e}</UniqueIdentifier>
    </Filter>
    <Filter Include="头文件\OCCProxy\BRepLib">
      <UniqueIdentifier>{6f95ce1d-ab2e-47de-9a84-42d96bcaf702}</UniqueIdentifier>
    </Filter>
    <Filter Include="源文件\OCCProxy\BRepLib">
      <UniqueIdentifier>{65ba3961-8caa-4481-baab-4761a93f8e0d}</UniqueIdentifier>
    </Filter>
    <Filter Include="头文件\OCCProxy\GeomAPI">
      <UniqueIdentifier>{95a4712f-8010-4111-bf9f-ae2ef8c1dfb3}</UniqueIdentifier>
    </Filter>
    <Filter Include="源文件\OCCProxy\GeomAPI">
      <UniqueIdentifier>{2d9f3299-7c74-4828-a105-7632afc0b300}</UniqueIdentifier>
    </Filter>
    <Filter Include="头文件\OCCProxy\TopAbs\enum">
      <UniqueIdentifier>{6f354f8e-80f8-4cb4-a187-02221abb6742}</UniqueIdentifier>
    </Filter>
    <Filter Include="头文件\OCCProxy\GeomAbs">
      <UniqueIdentifier>{a45a910b-8757-4fae-9de1-cf0f54353c31}</UniqueIdentifier>
    </Filter>
    <Filter Include="头文件\OCCProxy\GeomAbs\enum">
      <UniqueIdentifier>{88492995-ab25-4da7-b4fd-4ade1479a8cf}</UniqueIdentifier>
    </Filter>
    <Filter Include="头文件\OCCProxy\GProp">
      <UniqueIdentifier>{c8351522-0ec5-4baf-9891-0bca7dd714d8}</UniqueIdentifier>
    </Filter>
    <Filter Include="源文件\OCCProxy\GProp">
      <UniqueIdentifier>{bef2facf-a21e-481b-9e76-1c9e3a4c8a1f}</UniqueIdentifier>
    </Filter>
    <Filter Include="头文件\OCCProxy\BRepGProp">
      <UniqueIdentifier>{aade564e-e2be-4739-971a-5a75ac757478}</UniqueIdentifier>
    </Filter>
    <Filter Include="头文件\OCCProxy\BRepExtrema">
      <UniqueIdentifier>{b848217d-034e-4bd4-a930-f43d0a446958}</UniqueIdentifier>
    </Filter>
    <Filter Include="源文件\OCCProxy\BRepExtrema">
      <UniqueIdentifier>{88d95622-94bf-4c75-9e3c-5794b0e91293}</UniqueIdentifier>
    </Filter>
    <Filter Include="源文件\OCCProxy\BRepGProp">
      <UniqueIdentifier>{4fa58d54-065f-47dc-8b0a-bee692e37694}</UniqueIdentifier>
    </Filter>
    <Filter Include="头文件\Laser">
      <UniqueIdentifier>{63c61224-7f17-4df0-b9bb-1cb45688da93}</UniqueIdentifier>
    </Filter>
    <Filter Include="头文件\OCCProxy\gp\enum">
      <UniqueIdentifier>{381de0a7-b9ed-4be6-8a32-0f542e2d53f2}</UniqueIdentifier>
    </Filter>
    <Filter Include="头文件\OCCProxy\TDF">
      <UniqueIdentifier>{6e875cba-8734-4469-82a1-5d0b05827027}</UniqueIdentifier>
    </Filter>
    <Filter Include="源文件\OCCProxy\TDF">
      <UniqueIdentifier>{d255e2ff-c77b-4d62-a532-4dad2ea5e281}</UniqueIdentifier>
    </Filter>
    <Filter Include="头文件\OCCProxy\BRepFeat">
      <UniqueIdentifier>{5744fa41-d2b5-43ca-a5be-d6df4a627cfe}</UniqueIdentifier>
    </Filter>
    <Filter Include="源文件\OCCProxy\BRepFeat">
      <UniqueIdentifier>{6d08401a-82e9-4d1a-8227-37dd6f3c02e9}</UniqueIdentifier>
    </Filter>
    <Filter Include="头文件\OCCProxy\BRepCheck">
      <UniqueIdentifier>{44c87a9a-41b3-434a-bd2a-7b308f02fbc9}</UniqueIdentifier>
    </Filter>
    <Filter Include="源文件\OCCProxy\BRepCheck">
      <UniqueIdentifier>{54f57409-fecb-47a8-9085-24389c3e4e0d}</UniqueIdentifier>
    </Filter>
  </ItemGroup>
  <ItemGroup>
    <ClCompile Include="ICO_StringExchange.cpp">
      <Filter>源文件\DataExchange</Filter>
    </ClCompile>
    <ClCompile Include="ICO_CSharpViewer.cpp">
      <Filter>源文件\Visualization</Filter>
    </ClCompile>
    <ClCompile Include="ICO_InteractiveObject.cpp">
      <Filter>源文件\OCCProxy\AIS</Filter>
    </ClCompile>
    <ClCompile Include="ICO_Trsf.cpp">
      <Filter>源文件\OCCProxy\gp</Filter>
    </ClCompile>
    <ClCompile Include="ICO_AIS_Shape.cpp">
      <Filter>源文件\OCCProxy\AIS</Filter>
    </ClCompile>
    <ClCompile Include="ICO_Pnt.cpp">
      <Filter>源文件\OCCProxy\gp</Filter>
    </ClCompile>
    <ClCompile Include="ICO_Topo_Shape.cpp">
      <Filter>源文件\OCCProxy\TopoDS</Filter>
    </ClCompile>
    <ClCompile Include="ICO_STEPExchange.cpp">
      <Filter>源文件\DataExchange</Filter>
    </ClCompile>
    <ClCompile Include="ICO_Manipulator.cpp">
      <Filter>源文件\OCCProxy\AIS</Filter>
    </ClCompile>
    <ClCompile Include="ICO_View.cpp">
      <Filter>源文件\OCCProxy\V3d</Filter>
    </ClCompile>
    <ClCompile Include="ICO_InteractiveContext.cpp">
      <Filter>源文件\OCCProxy\AIS</Filter>
    </ClCompile>
    <ClCompile Include="ICO_Color.cpp">
      <Filter>源文件\Extension</Filter>
    </ClCompile>
    <ClCompile Include="ICO_Dir.cpp">
      <Filter>源文件\OCCProxy\gp</Filter>
    </ClCompile>
    <ClCompile Include="ICO_MakeBox.cpp">
      <Filter>源文件\OCCProxy\BRepPrimAPI</Filter>
    </ClCompile>
    <ClCompile Include="ICO_BaseObject.cpp">
      <Filter>源文件\OCCProxy</Filter>
    </ClCompile>
    <ClCompile Include="ICO_Trihedron.cpp">
      <Filter>源文件\OCCProxy\AIS</Filter>
    </ClCompile>
    <ClCompile Include="ICO_Ax2.cpp">
      <Filter>源文件\OCCProxy\gp</Filter>
    </ClCompile>
    <ClCompile Include="ICO_Transform.cpp">
      <Filter>源文件\OCCProxy\BRepBuilderAPI</Filter>
    </ClCompile>
    <ClCompile Include="ICO_MakeDir.cpp">
      <Filter>源文件\Tools</Filter>
    </ClCompile>
    <ClCompile Include="ICO_BrepExchange.cpp">
      <Filter>源文件\DataExchange</Filter>
    </ClCompile>
    <ClCompile Include="ICO_BndBox.cpp">
      <Filter>源文件\Extension</Filter>
    </ClCompile>
    <ClCompile Include="ICO_Viewer.cpp">
      <Filter>源文件\OCCProxy\V3d</Filter>
    </ClCompile>
    <ClCompile Include="ICO_RubberBand.cpp">
      <Filter>源文件\OCCProxy\AIS</Filter>
    </ClCompile>
    <ClCompile Include="ICO_MakeCompound.cpp">
      <Filter>源文件\Tools</Filter>
    </ClCompile>
    <ClCompile Include="ICO_MakeSphere.cpp">
      <Filter>源文件\OCCProxy\BRepPrimAPI</Filter>
    </ClCompile>
    <ClCompile Include="ICO_Ax3.cpp">
      <Filter>源文件\OCCProxy\gp</Filter>
    </ClCompile>
    <ClCompile Include="MakeSimpleClamp.cpp">
      <Filter>源文件\Laser</Filter>
    </ClCompile>
    <ClCompile Include="WMakeSimpleClamp.cpp">
      <Filter>源文件\Laser</Filter>
    </ClCompile>
    <ClCompile Include="ICO_ViewCube.cpp">
      <Filter>源文件\OCCProxy\AIS</Filter>
    </ClCompile>
    <ClCompile Include="ICO_Vec.cpp">
      <Filter>源文件\OCCProxy\gp</Filter>
    </ClCompile>
    <ClCompile Include="ICO_Pln.cpp">
      <Filter>源文件\OCCProxy\gp</Filter>
    </ClCompile>
    <ClCompile Include="ICO_Topo_Edge.cpp">
      <Filter>源文件\OCCProxy\TopoDS</Filter>
    </ClCompile>
    <ClCompile Include="ICO_BRepAdaptor_Curve.cpp">
      <Filter>源文件\OCCProxy\BRepAdaptor</Filter>
    </ClCompile>
    <ClCompile Include="ICO_Topo_Face.cpp">
      <Filter>源文件\OCCProxy\TopoDS</Filter>
    </ClCompile>
    <ClCompile Include="ICO_Topo_Vertex.cpp">
      <Filter>源文件\OCCProxy\TopoDS</Filter>
    </ClCompile>
    <ClCompile Include="ICO_BRep_Tool.cpp">
      <Filter>源文件\OCCProxy\BRep</Filter>
    </ClCompile>
    <ClCompile Include="ICO_TopExp_Explorer.cpp">
      <Filter>源文件\OCCProxy\TopExp</Filter>
    </ClCompile>
    <ClCompile Include="ICO_MakeWire.cpp">
      <Filter>源文件\OCCProxy\BRepBuilderAPI</Filter>
    </ClCompile>
    <ClCompile Include="ICO_Topo_Wire.cpp">
      <Filter>源文件\OCCProxy\TopoDS</Filter>
    </ClCompile>
    <ClCompile Include="ICO_MakeEdge.cpp">
      <Filter>源文件\OCCProxy\BRepBuilderAPI</Filter>
    </ClCompile>
    <ClCompile Include="ICO_MakeFace.cpp">
      <Filter>源文件\OCCProxy\BRepBuilderAPI</Filter>
    </ClCompile>
    <ClCompile Include="ICO_Splitter.cpp">
      <Filter>源文件\OCCProxy\BRepAlgoAPI</Filter>
    </ClCompile>
    <ClCompile Include="ICO_AABB.cpp">
      <Filter>源文件\OCCProxy\Bnd</Filter>
    </ClCompile>
    <ClCompile Include="ICO_Ax1.cpp">
      <Filter>源文件\OCCProxy\gp</Filter>
    </ClCompile>
    <ClCompile Include="ICO_Geom_Curve.cpp">
      <Filter>源文件\OCCProxy\Geom</Filter>
    </ClCompile>
    <ClCompile Include="ICO_ProjectPointOnCurve.cpp">
      <Filter>源文件\OCCProxy\GeomAPI</Filter>
    </ClCompile>
    <ClCompile Include="ICO_Pnt2D.cpp">
      <Filter>源文件\OCCProxy\gp</Filter>
    </ClCompile>
    <ClCompile Include="ICO_Vec2D.cpp">
      <Filter>源文件\OCCProxy\gp</Filter>
    </ClCompile>
    <ClCompile Include="ICO_BRepAdaptor_Surface.cpp">
      <Filter>源文件\OCCProxy\BRepAdaptor</Filter>
    </ClCompile>
    <ClCompile Include="ICO_Cylinder.cpp">
      <Filter>源文件\OCCProxy\gp</Filter>
    </ClCompile>
    <ClCompile Include="ICO_Circle.cpp">
      <Filter>源文件\OCCProxy\gp</Filter>
    </ClCompile>
    <ClCompile Include="ICO_GProps.cpp">
      <Filter>源文件\OCCProxy\GProp</Filter>
    </ClCompile>
    <ClCompile Include="ICO_BRepExtrema_DistShapeShape.cpp">
      <Filter>源文件\OCCProxy\BRepExtrema</Filter>
    </ClCompile>
    <ClCompile Include="ICO_BRepGProp.cpp">
      <Filter>源文件\OCCProxy\BRepGProp</Filter>
    </ClCompile>
    <ClCompile Include="ICO_AIS_Axis.cpp">
      <Filter>源文件\OCCProxy\AIS</Filter>
    </ClCompile>
    <ClCompile Include="ICO_BRepGProp_Face.cpp">
      <Filter>源文件\OCCProxy\BRepGProp</Filter>
    </ClCompile>
    <ClCompile Include="ICO_Quaternion.cpp">
      <Filter>源文件\OCCProxy\gp</Filter>
    </ClCompile>
    <ClCompile Include="ICO_XShape.cpp">
      <Filter>源文件\Extension</Filter>
    </ClCompile>
    <ClCompile Include="ICO_MakePolygon.cpp">
      <Filter>源文件\OCCProxy\BRepBuilderAPI</Filter>
    </ClCompile>
    <ClCompile Include="ICO_Feat_MakeRevol.cpp">
      <Filter>源文件\OCCProxy\BRepFeat</Filter>
    </ClCompile>
    <ClCompile Include="ICO_BRepPrimAPI_MakeRevol.cpp">
      <Filter>源文件\OCCProxy\BRepPrimAPI</Filter>
    </ClCompile>
    <ClCompile Include="ICO_BRepCheck_Analyzer.cpp">
      <Filter>源文件\OCCProxy\BRepCheck</Filter>
    </ClCompile>
  </ItemGroup>
  <ItemGroup>
    <ClInclude Include="ICO_CSharpViewer.h">
      <Filter>头文件\Visualization</Filter>
    </ClInclude>
    <ClInclude Include="ICO_StringExchange.h">
      <Filter>头文件\DataExchange</Filter>
    </ClInclude>
    <ClInclude Include="ICO_InteractiveObject.h">
      <Filter>头文件\OCCProxy\AIS</Filter>
    </ClInclude>
    <ClInclude Include="ICO_Trsf.h">
      <Filter>头文件\OCCProxy\gp</Filter>
    </ClInclude>
    <ClInclude Include="ICO_AIS_Shape.h">
      <Filter>头文件\OCCProxy\AIS</Filter>
    </ClInclude>
    <ClInclude Include="ICO_Pnt.h">
      <Filter>头文件\OCCProxy\gp</Filter>
    </ClInclude>
    <ClInclude Include="ICO_Topo_Shape.h">
      <Filter>头文件\OCCProxy\TopoDS</Filter>
    </ClInclude>
    <ClInclude Include="ICO_STEPExchange.h">
      <Filter>头文件\DataExchange</Filter>
    </ClInclude>
    <ClInclude Include="ICO_Manipulator.h">
      <Filter>头文件\OCCProxy\AIS</Filter>
    </ClInclude>
    <ClInclude Include="ICO_View.h">
      <Filter>头文件\OCCProxy\V3d</Filter>
    </ClInclude>
    <ClInclude Include="ICO_InteractiveContext.h">
      <Filter>头文件\OCCProxy\AIS</Filter>
    </ClInclude>
    <ClInclude Include="ICO_Color.h">
      <Filter>头文件\Extension</Filter>
    </ClInclude>
    <ClInclude Include="ICO_Dir.h">
      <Filter>头文件\OCCProxy\gp</Filter>
    </ClInclude>
    <ClInclude Include="ICO_MakeBox.h">
      <Filter>头文件\OCCProxy\BRepPrimAPI</Filter>
    </ClInclude>
    <ClInclude Include="ICO_BaseObject.h">
      <Filter>头文件\OCCProxy</Filter>
    </ClInclude>
    <ClInclude Include="ICO_Trihedron.h">
      <Filter>头文件\OCCProxy\AIS</Filter>
    </ClInclude>
    <ClInclude Include="ICO_Ax2.h">
      <Filter>头文件\OCCProxy\gp</Filter>
    </ClInclude>
    <ClInclude Include="ICO_Transform.h">
      <Filter>头文件\OCCProxy\BRepBuilderAPI</Filter>
    </ClInclude>
    <ClInclude Include="ICO_MakeDir.h">
      <Filter>头文件\Tools</Filter>
    </ClInclude>
    <ClInclude Include="ICO_BrepExchange.h">
      <Filter>头文件\DataExchange</Filter>
    </ClInclude>
    <ClInclude Include="ICO_BndBox.h">
      <Filter>头文件\Extension</Filter>
    </ClInclude>
    <ClInclude Include="ICO_Viewer.h">
      <Filter>头文件\OCCProxy\V3d</Filter>
    </ClInclude>
    <ClInclude Include="ICO_RubberBand.h">
      <Filter>头文件\OCCProxy\AIS</Filter>
    </ClInclude>
    <ClInclude Include="ICO_MakeCompound.h">
      <Filter>头文件\Tools</Filter>
    </ClInclude>
    <ClInclude Include="ICO_Aspect_Line.h">
      <Filter>头文件\OCCProxy\Aspect</Filter>
    </ClInclude>
    <ClInclude Include="ICO_MakeSphere.h">
      <Filter>头文件\OCCProxy\BRepPrimAPI</Filter>
    </ClInclude>
    <ClInclude Include="ICO_Ax3.h">
      <Filter>头文件\OCCProxy\gp</Filter>
    </ClInclude>
    <ClInclude Include="MakeSimpleClamp.h">
      <Filter>头文件\Laser</Filter>
    </ClInclude>
    <ClInclude Include="WMakeSimpleClamp.h">
      <Filter>头文件\Laser</Filter>
    </ClInclude>
    <ClInclude Include="ICO_Aspect_GridType.h">
      <Filter>头文件\OCCProxy\Aspect</Filter>
    </ClInclude>
    <ClInclude Include="ICO_Aspect_GridDrawMode.h">
      <Filter>头文件\OCCProxy\Aspect</Filter>
    </ClInclude>
    <ClInclude Include="ICO_DisplayMode.h">
      <Filter>头文件\OCCProxy\AIS\enum</Filter>
    </ClInclude>
    <ClInclude Include="ICO_ViewOrientation.h">
      <Filter>头文件\OCCProxy\V3d\enum</Filter>
    </ClInclude>
    <ClInclude Include="ICO_ManipulatorMode.h">
      <Filter>头文件\OCCProxy\AIS\enum</Filter>
    </ClInclude>
    <ClInclude Include="ICO_ManipulatorAxisIndex.h">
      <Filter>头文件\OCCProxy\AIS\enum</Filter>
    </ClInclude>
    <ClInclude Include="ICO_SelectionMode.h">
      <Filter>头文件\OCCProxy\AIS\enum</Filter>
    </ClInclude>
    <ClInclude Include="ICO_ViewCube.h">
      <Filter>头文件\OCCProxy\AIS</Filter>
    </ClInclude>
    <ClInclude Include="ICO_Arrow.h">
      <Filter>头文件\Extension</Filter>
    </ClInclude>
    <ClInclude Include="ICO_Vec.h">
      <Filter>头文件\OCCProxy\gp</Filter>
    </ClInclude>
    <ClInclude Include="ICO_Pln.h">
      <Filter>头文件\OCCProxy\gp</Filter>
    </ClInclude>
    <ClInclude Include="ICO_Topo_Edge.h">
      <Filter>头文件\OCCProxy\TopoDS</Filter>
    </ClInclude>
    <ClInclude Include="ICO_BRepAdaptor_Curve.h">
      <Filter>头文件\OCCProxy\BRepAdaptor</Filter>
    </ClInclude>
    <ClInclude Include="ICO_Topo_Face.h">
      <Filter>头文件\OCCProxy\TopoDS</Filter>
    </ClInclude>
    <ClInclude Include="ICO_Topo_Vertex.h">
      <Filter>头文件\OCCProxy\TopoDS</Filter>
    </ClInclude>
    <ClInclude Include="ICO_BRep_Tool.h">
      <Filter>头文件\OCCProxy\BRep</Filter>
    </ClInclude>
    <ClInclude Include="ICO_TopExp_Explorer.h">
      <Filter>头文件\OCCProxy\TopExp</Filter>
    </ClInclude>
    <ClInclude Include="ICO_MakeWire.h">
      <Filter>头文件\OCCProxy\BRepBuilderAPI</Filter>
    </ClInclude>
    <ClInclude Include="ICO_Topo_Wire.h">
      <Filter>头文件\OCCProxy\TopoDS</Filter>
    </ClInclude>
    <ClInclude Include="ICO_MakeEdge.h">
      <Filter>头文件\OCCProxy\BRepBuilderAPI</Filter>
    </ClInclude>
    <ClInclude Include="ICO_MakeFace.h">
      <Filter>头文件\OCCProxy\BRepBuilderAPI</Filter>
    </ClInclude>
    <ClInclude Include="ICO_Splitter.h">
      <Filter>头文件\OCCProxy\BRepAlgoAPI</Filter>
    </ClInclude>
    <ClInclude Include="ICO_AABB.h">
      <Filter>头文件\OCCProxy\Bnd</Filter>
    </ClInclude>
    <ClInclude Include="ICO_Ax1.h">
      <Filter>头文件\OCCProxy\gp</Filter>
    </ClInclude>
    <ClInclude Include="ICO_Geom_Curve.h">
      <Filter>头文件\OCCProxy\Geom</Filter>
    </ClInclude>
    <ClInclude Include="ICO_ProjectPointOnCurve.h">
      <Filter>头文件\OCCProxy\GeomAPI</Filter>
    </ClInclude>
    <ClInclude Include="ICO_Exception.h">
      <Filter>头文件</Filter>
    </ClInclude>
    <ClInclude Include="ICO_ShapeEnum.h">
      <Filter>头文件\OCCProxy\TopAbs\enum</Filter>
    </ClInclude>
    <ClInclude Include="ICO_Pnt2D.h">
      <Filter>头文件\OCCProxy\gp</Filter>
    </ClInclude>
    <ClInclude Include="ICO_Vec2D.h">
      <Filter>头文件\OCCProxy\gp</Filter>
    </ClInclude>
    <ClInclude Include="ICO_BRepAdaptor_Surface.h">
      <Filter>头文件\OCCProxy\BRepAdaptor</Filter>
    </ClInclude>
    <ClInclude Include="ICO_SurfaceType.h">
      <Filter>头文件\OCCProxy\GeomAbs\enum</Filter>
    </ClInclude>
    <ClInclude Include="ICO_Cylinder.h">
      <Filter>头文件\OCCProxy\gp</Filter>
    </ClInclude>
    <ClInclude Include="ICO_CurveType.h">
      <Filter>头文件\OCCProxy\GeomAbs\enum</Filter>
    </ClInclude>
    <ClInclude Include="ICO_Circle.h">
      <Filter>头文件\OCCProxy\gp</Filter>
    </ClInclude>
    <ClInclude Include="ICO_GProps.h">
      <Filter>头文件\OCCProxy\GProp</Filter>
    </ClInclude>
    <ClInclude Include="ICO_BRepGProp.h">
      <Filter>头文件\OCCProxy\BRepGProp</Filter>
    </ClInclude>
    <ClInclude Include="ICO_BRepExtrema_DistShapeShape.h">
      <Filter>头文件\OCCProxy\BRepExtrema</Filter>
    </ClInclude>
    <ClInclude Include="ICO_AIS_Axis.h">
      <Filter>头文件\OCCProxy\AIS</Filter>
    </ClInclude>
    <ClInclude Include="ICO_BRepGProp_Face.h">
      <Filter>头文件\OCCProxy\BRepGProp</Filter>
    </ClInclude>
    <ClInclude Include="ICO_ColorMap.h">
      <Filter>头文件\Extension</Filter>
    </ClInclude>
    <ClInclude Include="ICO_Quaternion.h">
      <Filter>头文件\OCCProxy\gp</Filter>
    </ClInclude>
    <ClInclude Include="ICO_EulerSequence.h">
      <Filter>头文件\OCCProxy\gp\enum</Filter>
    </ClInclude>
    <ClInclude Include="ICO_XShape.h">
      <Filter>头文件\Extension</Filter>
    </ClInclude>
    <ClInclude Include="ICO_MakePolygon.h">
      <Filter>头文件\OCCProxy\BRepBuilderAPI</Filter>
    </ClInclude>
    <ClInclude Include="ICO_Feat_MakeRevol.h">
      <Filter>头文件\OCCProxy\BRepFeat</Filter>
    </ClInclude>
    <ClInclude Include="ICO_BRepPrimAPI_MakeRevol.h">
      <Filter>头文件\OCCProxy\BRepPrimAPI</Filter>
    </ClInclude>
    <ClInclude Include="ICO_BRepCheck_Analyzer.h">
      <Filter>头文件\OCCProxy\BRepCheck</Filter>
    </ClInclude>
  </ItemGroup>
  <ItemGroup>
    <None Include="cpp.hint" />
    <None Include="readme.md" />
  </ItemGroup>
</Project>